
Microsoft Visual Studio Solution File, Format Version 12.00
# Visual Studio Version 17
VisualStudioVersion = 17.3.32929.385
MinimumVisualStudioVersion = 10.0.40219.1
Project("{FAE04EC0-301F-11D3-BF4B-00C04F79EFBC}") = "WpfApp4", "WpfApp4\WpfApp4.csproj", "{4C6D3A1C-8631-416A-86B1-6EC00252D441}"
EndProject
Global
	GlobalSection(SolutionConfigurationPlatforms) = preSolution
		Debug|Any CPU = Debug|Any CPU
		Release|Any CPU = Release|Any CPU
	EndGlobalSection
	GlobalSection(ProjectConfigurationPlatforms) = postSolution
		{4C6D3A1C-8631-416A-86B1-6EC00252D441}.Debug|Any CPU.ActiveCfg = Debug|Any CPU
		{4C6D3A1C-8631-416A-86B1-6EC00252D441}.Debug|Any CPU.Build.0 = Debug|Any CPU
		{4C6D3A1C-8631-416A-86B1-6EC00252D441}.Release|Any CPU.ActiveCfg = Release|Any CPU
		{4C6D3A1C-8631-416A-86B1-6EC00252D441}.Release|Any CPU.Build.0 = Release|Any CPU
	EndGlobalSection
	GlobalSection(SolutionProperties) = preSolution
		HideSolutionNode = FALSE
	EndGlobalSection
	GlobalSection(ExtensibilityGlobals) = postSolution
		SolutionGuid = {167E25FA-04E2-48E7-92FC-5811B2A16C21}
	EndGlobalSection
EndGlobal
